// !$*UTF8*$!
{
	archiveVersion = 1;
	classes = {
	};
	objectVersion = 50;
	objects = {

/* Begin PBXBuildFile section */
		91CD083824CBCFCF0034F36A /* AppDelegate.swift in Sources */ = {isa = PBXBuildFile; fileRef = 91CD083724CBCFCF0034F36A /* AppDelegate.swift */; };
		91CD083A24CBCFCF0034F36A /* ContentView.swift in Sources */ = {isa = PBXBuildFile; fileRef = 91CD083924CBCFCF0034F36A /* ContentView.swift */; };
		91CD083C24CBCFD10034F36A /* Assets.xcassets in Resources */ = {isa = PBXBuildFile; fileRef = 91CD083B24CBCFD10034F36A /* Assets.xcassets */; };
		91CD083F24CBCFD10034F36A /* Preview Assets.xcassets in Resources */ = {isa = PBXBuildFile; fileRef = 91CD083E24CBCFD10034F36A /* Preview Assets.xcassets */; };
		91CD084224CBCFD10034F36A /* Main.storyboard in Resources */ = {isa = PBXBuildFile; fileRef = 91CD084024CBCFD10034F36A /* Main.storyboard */; };
		91CD084F24CC9D080034F36A /* LogData.swift in Sources */ = {isa = PBXBuildFile; fileRef = 91CD084E24CC9D080034F36A /* LogData.swift */; };
		91CD085124CC9DF60034F36A /* AppExtensions.swift in Sources */ = {isa = PBXBuildFile; fileRef = 91CD085024CC9DF60034F36A /* AppExtensions.swift */; };
		91CD085824CDC6480034F36A /* Line.swift in Sources */ = {isa = PBXBuildFile; fileRef = 91CD085724CDC6480034F36A /* Line.swift */; };
		91CD08AA24D10A060034F36A /* ButtonsView.swift in Sources */ = {isa = PBXBuildFile; fileRef = 91CD08A924D10A060034F36A /* ButtonsView.swift */; };
		91CD08AC24D10A840034F36A /* LogView.swift in Sources */ = {isa = PBXBuildFile; fileRef = 91CD08AB24D10A840034F36A /* LogView.swift */; };
/* End PBXBuildFile section */

/* Begin PBXFileReference section */
		91CD083424CBCFCF0034F36A /* TestButtons.app */ = {isa = PBXFileReference; explicitFileType = wrapper.application; includeInIndex = 0; path = TestButtons.app; sourceTree = BUILT_PRODUCTS_DIR; };
		91CD083724CBCFCF0034F36A /* AppDelegate.swift */ = {isa = PBXFileReference; lastKnownFileType = sourcecode.swift; path = AppDelegate.swift; sourceTree = "<group>"; };
		91CD083924CBCFCF0034F36A /* ContentView.swift */ = {isa = PBXFileReference; lastKnownFileType = sourcecode.swift; path = ContentView.swift; sourceTree = "<group>"; };
		91CD083B24CBCFD10034F36A /* Assets.xcassets */ = {isa = PBXFileReference; lastKnownFileType = folder.assetcatalog; path = Assets.xcassets; sourceTree = "<group>"; };
		91CD083E24CBCFD10034F36A /* Preview Assets.xcassets */ = {isa = PBXFileReference; lastKnownFileType = folder.assetcatalog; path = "Preview Assets.xcassets"; sourceTree = "<group>"; };
		91CD084124CBCFD10034F36A /* Base */ = {isa = PBXFileReference; lastKnownFileType = file.storyboard; name = Base; path = Base.lproj/Main.storyboard; sourceTree = "<group>"; };
		91CD084324CBCFD10034F36A /* Info.plist */ = {isa = PBXFileReference; lastKnownFileType = text.plist.xml; path = Info.plist; sourceTree = "<group>"; };
		91CD084424CBCFD10034F36A /* TestButtons.entitlements */ = {isa = PBXFileReference; lastKnownFileType = text.plist.entitlements; path = TestButtons.entitlements; sourceTree = "<group>"; };
		91CD084E24CC9D080034F36A /* LogData.swift */ = {isa = PBXFileReference; lastKnownFileType = sourcecode.swift; path = LogData.swift; sourceTree = "<group>"; };
		91CD085024CC9DF60034F36A /* AppExtensions.swift */ = {isa = PBXFileReference; fileEncoding = 4; lastKnownFileType = sourcecode.swift; path = AppExtensions.swift; sourceTree = "<group>"; };
		91CD085724CDC6480034F36A /* Line.swift */ = {isa = PBXFileReference; lastKnownFileType = sourcecode.swift; path = Line.swift; sourceTree = "<group>"; };
		91CD08A924D10A060034F36A /* ButtonsView.swift */ = {isa = PBXFileReference; lastKnownFileType = sourcecode.swift; path = ButtonsView.swift; sourceTree = "<group>"; };
		91CD08AB24D10A840034F36A /* LogView.swift */ = {isa = PBXFileReference; lastKnownFileType = sourcecode.swift; path = LogView.swift; sourceTree = "<group>"; };
/* End PBXFileReference section */

/* Begin PBXFrameworksBuildPhase section */
		91CD083124CBCFCF0034F36A /* Frameworks */ = {
			isa = PBXFrameworksBuildPhase;
			buildActionMask = 2147483647;
			files = (
			);
			runOnlyForDeploymentPostprocessing = 0;
		};
/* End PBXFrameworksBuildPhase section */

/* Begin PBXGroup section */
		91CD082B24CBCFCF0034F36A = {
			isa = PBXGroup;
			children = (
				91CD083624CBCFCF0034F36A /* TestButtons */,
				91CD083524CBCFCF0034F36A /* Products */,
			);
			sourceTree = "<group>";
		};
		91CD083524CBCFCF0034F36A /* Products */ = {
			isa = PBXGroup;
			children = (
				91CD083424CBCFCF0034F36A /* TestButtons.app */,
			);
			name = Products;
			sourceTree = "<group>";
		};
		91CD083624CBCFCF0034F36A /* TestButtons */ = {
			isa = PBXGroup;
			children = (
				91CD085624CDBEEF0034F36A /* Model */,
				91CD085024CC9DF60034F36A /* AppExtensions.swift */,
				91CD083724CBCFCF0034F36A /* AppDelegate.swift */,
				91CD083924CBCFCF0034F36A /* ContentView.swift */,
				91CD08A924D10A060034F36A /* ButtonsView.swift */,
				91CD08AB24D10A840034F36A /* LogView.swift */,
				91CD083B24CBCFD10034F36A /* Assets.xcassets */,
				91CD084024CBCFD10034F36A /* Main.storyboard */,
				91CD084324CBCFD10034F36A /* Info.plist */,
				91CD084424CBCFD10034F36A /* TestButtons.entitlements */,
				91CD083D24CBCFD10034F36A /* Preview Content */,
			);
			path = TestButtons;
			sourceTree = "<group>";
		};
		91CD083D24CBCFD10034F36A /* Preview Content */ = {
			isa = PBXGroup;
			children = (
				91CD083E24CBCFD10034F36A /* Preview Assets.xcassets */,
			);
			path = "Preview Content";
			sourceTree = "<group>";
		};
		91CD085624CDBEEF0034F36A /* Model */ = {
			isa = PBXGroup;
			children = (
				91CD084E24CC9D080034F36A /* LogData.swift */,
				91CD085724CDC6480034F36A /* Line.swift */,
			);
			path = Model;
			sourceTree = "<group>";
		};
/* End PBXGroup section */

/* Begin PBXNativeTarget section */
		91CD083324CBCFCF0034F36A /* TestButtons */ = {
			isa = PBXNativeTarget;
			buildConfigurationList = 91CD084724CBCFD10034F36A /* Build configuration list for PBXNativeTarget "TestButtons" */;
			buildPhases = (
				91CD083024CBCFCF0034F36A /* Sources */,
				91CD083124CBCFCF0034F36A /* Frameworks */,
				91CD083224CBCFCF0034F36A /* Resources */,
			);
			buildRules = (
			);
			dependencies = (
			);
			name = TestButtons;
			productName = TestButtons;
			productReference = 91CD083424CBCFCF0034F36A /* TestButtons.app */;
			productType = "com.apple.product-type.application";
		};
/* End PBXNativeTarget section */

/* Begin PBXProject section */
		91CD082C24CBCFCF0034F36A /* Project object */ = {
			isa = PBXProject;
			attributes = {
				LastSwiftUpdateCheck = 1160;
				LastUpgradeCheck = 1160;
				ORGANIZATIONNAME = "Douglas Adams";
				TargetAttributes = {
					91CD083324CBCFCF0034F36A = {
						CreatedOnToolsVersion = 11.6;
					};
				};
			};
			buildConfigurationList = 91CD082F24CBCFCF0034F36A /* Build configuration list for PBXProject "TestButtons" */;
			compatibilityVersion = "Xcode 9.3";
			developmentRegion = en;
			hasScannedForEncodings = 0;
			knownRegions = (
				en,
				Base,
			);
			mainGroup = 91CD082B24CBCFCF0034F36A;
			productRefGroup = 91CD083524CBCFCF0034F36A /* Products */;
			projectDirPath = "";
			projectRoot = "";
			targets = (
				91CD083324CBCFCF0034F36A /* TestButtons */,
			);
		};
/* End PBXProject section */

/* Begin PBXResourcesBuildPhase section */
		91CD083224CBCFCF0034F36A /* Resources */ = {
			isa = PBXResourcesBuildPhase;
			buildActionMask = 2147483647;
			files = (
				91CD084224CBCFD10034F36A /* Main.storyboard in Resources */,
				91CD083F24CBCFD10034F36A /* Preview Assets.xcassets in Resources */,
				91CD083C24CBCFD10034F36A /* Assets.xcassets in Resources */,
			);
			runOnlyForDeploymentPostprocessing = 0;
		};
/* End PBXResourcesBuildPhase section */

/* Begin PBXSourcesBuildPhase section */
		91CD083024CBCFCF0034F36A /* Sources */ = {
			isa = PBXSourcesBuildPhase;
			buildActionMask = 2147483647;
			files = (
				91CD08AA24D10A060034F36A /* ButtonsView.swift in Sources */,
				91CD084F24CC9D080034F36A /* LogData.swift in Sources */,
				91CD083A24CBCFCF0034F36A /* ContentView.swift in Sources */,
				91CD083824CBCFCF0034F36A /* AppDelegate.swift in Sources */,
				91CD085124CC9DF60034F36A /* AppExtensions.swift in Sources */,
				91CD085824CDC6480034F36A /* Line.swift in Sources */,
				91CD08AC24D10A840034F36A /* LogView.swift in Sources */,
			);
			runOnlyForDeploymentPostprocessing = 0;
		};
/* End PBXSourcesBuildPhase section */

/* Begin PBXVariantGroup section */
		91CD084024CBCFD10034F36A /* Main.storyboard */ = {
			isa = PBXVariantGroup;
			children = (
				91CD084124CBCFD10034F36A /* Base */,
			);
			name = Main.storyboard;
			sourceTree = "<group>";
		};
/* End PBXVariantGroup section */

/* Begin XCBuildConfiguration section */
		91CD084524CBCFD10034F36A /* Debug */ = {
			isa = XCBuildConfiguration;
			buildSettings = {
				ALWAYS_SEARCH_USER_PATHS = NO;
				CLANG_ANALYZER_NONNULL = YES;
				CLANG_ANALYZER_NUMBER_OBJECT_CONVERSION = YES_AGGRESSIVE;
				CLANG_CXX_LANGUAGE_STANDARD = "gnu++14";
				CLANG_CXX_LIBRARY = "libc++";
				CLANG_ENABLE_MODULES = YES;
				CLANG_ENABLE_OBJC_ARC = YES;
				CLANG_ENABLE_OBJC_WEAK = YES;
				CLANG_WARN_BLOCK_CAPTURE_AUTORELEASING = YES;
				CLANG_WARN_BOOL_CONVERSION = YES;
				CLANG_WARN_COMMA = YES;
				CLANG_WARN_CONSTANT_CONVERSION = YES;
				CLANG_WARN_DEPRECATED_OBJC_IMPLEMENTATIONS = YES;
				CLANG_WARN_DIRECT_OBJC_ISA_USAGE = YES_ERROR;
				CLANG_WARN_DOCUMENTATION_COMMENTS = YES;
				CLANG_WARN_EMPTY_BODY = YES;
				CLANG_WARN_ENUM_CONVERSION = YES;
				CLANG_WARN_INFINITE_RECURSION = YES;
				CLANG_WARN_INT_CONVERSION = YES;
				CLANG_WARN_NON_LITERAL_NULL_CONVERSION = YES;
				CLANG_WARN_OBJC_IMPLICIT_RETAIN_SELF = YES;
				CLANG_WARN_OBJC_LITERAL_CONVERSION = YES;
				CLANG_WARN_OBJC_ROOT_CLASS = YES_ERROR;
				CLANG_WARN_RANGE_LOOP_ANALYSIS = YES;
				CLANG_WARN_STRICT_PROTOTYPES = YES;
				CLANG_WARN_SUSPICIOUS_MOVE = YES;
				CLANG_WARN_UNGUARDED_AVAILABILITY = YES_AGGRESSIVE;
				CLANG_WARN_UNREACHABLE_CODE = YES;
				CLANG_WARN__DUPLICATE_METHOD_MATCH = YES;
				COPY_PHASE_STRIP = NO;
				DEBUG_INFORMATION_FORMAT = dwarf;
				ENABLE_STRICT_OBJC_MSGSEND = YES;
				ENABLE_TESTABILITY = YES;
				GCC_C_LANGUAGE_STANDARD = gnu11;
				GCC_DYNAMIC_NO_PIC = NO;
				GCC_NO_COMMON_BLOCKS = YES;
				GCC_OPTIMIZATION_LEVEL = 0;
				GCC_PREPROCESSOR_DEFINITIONS = (
					"DEBUG=1",
					"$(inherited)",
				);
				GCC_WARN_64_TO_32_BIT_CONVERSION = YES;
				GCC_WARN_ABOUT_RETURN_TYPE = YES_ERROR;
				GCC_WARN_UNDECLARED_SELECTOR = YES;
				GCC_WARN_UNINITIALIZED_AUTOS = YES_AGGRESSIVE;
				GCC_WARN_UNUSED_FUNCTION = YES;
				GCC_WARN_UNUSED_VARIABLE = YES;
				MACOSX_DEPLOYMENT_TARGET = 10.15;
				MTL_ENABLE_DEBUG_INFO = INCLUDE_SOURCE;
				MTL_FAST_MATH = YES;
				ONLY_ACTIVE_ARCH = YES;
				SDKROOT = macosx;
				SWIFT_ACTIVE_COMPILATION_CONDITIONS = DEBUG;
				SWIFT_OPTIMIZATION_LEVEL = "-Onone";
			};
			name = Debug;
		};
		91CD084624CBCFD10034F36A /* Release */ = {
			isa = XCBuildConfiguration;
			buildSettings = {
				ALWAYS_SEARCH_USER_PATHS = NO;
				CLANG_ANALYZER_NONNULL = YES;
				CLANG_ANALYZER_NUMBER_OBJECT_CONVERSION = YES_AGGRESSIVE;
				CLANG_CXX_LANGUAGE_STANDARD = "gnu++14";
				CLANG_CXX_LIBRARY = "libc++";
				CLANG_ENABLE_MODULES = YES;
				CLANG_ENABLE_OBJC_ARC = YES;
				CLANG_ENABLE_OBJC_WEAK = YES;
				CLANG_WARN_BLOCK_CAPTURE_AUTORELEASING = YES;
				CLANG_WARN_BOOL_CONVERSION = YES;
				CLANG_WARN_COMMA = YES;
				CLANG_WARN_CONSTANT_CONVERSION = YES;
				CLANG_WARN_DEPRECATED_OBJC_IMPLEMENTATIONS = YES;
				CLANG_WARN_DIRECT_OBJC_ISA_USAGE = YES_ERROR;
				CLANG_WARN_DOCUMENTATION_COMMENTS = YES;
				CLANG_WARN_EMPTY_BODY = YES;
				CLANG_WARN_ENUM_CONVERSION = YES;
				CLANG_WARN_INFINITE_RECURSION = YES;
				CLANG_WARN_INT_CONVERSION = YES;
				CLANG_WARN_NON_LITERAL_NULL_CONVERSION = YES;
				CLANG_WARN_OBJC_IMPLICIT_RETAIN_SELF = YES;
				CLANG_WARN_OBJC_LITERAL_CONVERSION = YES;
				CLANG_WARN_OBJC_ROOT_CLASS = YES_ERROR;
				CLANG_WARN_RANGE_LOOP_ANALYSIS = YES;
				CLANG_WARN_STRICT_PROTOTYPES = YES;
				CLANG_WARN_SUSPICIOUS_MOVE = YES;
				CLANG_WARN_UNGUARDED_AVAILABILITY = YES_AGGRESSIVE;
				CLANG_WARN_UNREACHABLE_CODE = YES;
				CLANG_WARN__DUPLICATE_METHOD_MATCH = YES;
				COPY_PHASE_STRIP = NO;
				DEBUG_INFORMATION_FORMAT = "dwarf-with-dsym";
				ENABLE_NS_ASSERTIONS = NO;
				ENABLE_STRICT_OBJC_MSGSEND = YES;
				GCC_C_LANGUAGE_STANDARD = gnu11;
				GCC_NO_COMMON_BLOCKS = YES;
				GCC_WARN_64_TO_32_BIT_CONVERSION = YES;
				GCC_WARN_ABOUT_RETURN_TYPE = YES_ERROR;
				GCC_WARN_UNDECLARED_SELECTOR = YES;
				GCC_WARN_UNINITIALIZED_AUTOS = YES_AGGRESSIVE;
				GCC_WARN_UNUSED_FUNCTION = YES;
				GCC_WARN_UNUSED_VARIABLE = YES;
				MACOSX_DEPLOYMENT_TARGET = 10.15;
				MTL_ENABLE_DEBUG_INFO = NO;
				MTL_FAST_MATH = YES;
				SDKROOT = macosx;
				SWIFT_COMPILATION_MODE = wholemodule;
				SWIFT_OPTIMIZATION_LEVEL = "-O";
			};
			name = Release;
		};
		91CD084824CBCFD10034F36A /* Debug */ = {
			isa = XCBuildConfiguration;
			buildSettings = {
				ASSETCATALOG_COMPILER_APPICON_NAME = AppIcon;
				CODE_SIGN_ENTITLEMENTS = TestButtons/TestButtons.entitlements;
				CODE_SIGN_STYLE = Automatic;
				COMBINE_HIDPI_IMAGES = YES;
				DEVELOPMENT_ASSET_PATHS = "\"TestButtons/Preview Content\"";
				DEVELOPMENT_TEAM = EE5B8TYXGA;
				ENABLE_HARDENED_RUNTIME = YES;
				ENABLE_PREVIEWS = YES;
				INFOPLIST_FILE = TestButtons/Info.plist;
				LD_RUNPATH_SEARCH_PATHS = (
					"$(inherited)",
					"@executable_path/../Frameworks",
				);
				MACOSX_DEPLOYMENT_TARGET = 10.15;
				PRODUCT_BUNDLE_IDENTIFIER = net.k3tzr.TestButtons;
				PRODUCT_NAME = "$(TARGET_NAME)";
				SWIFT_VERSION = 5.0;
			};
			name = Debug;
		};
		91CD084924CBCFD10034F36A /* Release */ = {
			isa = XCBuildConfiguration;
			buildSettings = {
				ASSETCATALOG_COMPILER_APPICON_NAME = AppIcon;
				CODE_SIGN_ENTITLEMENTS = TestButtons/TestButtons.entitlements;
				CODE_SIGN_STYLE = Automatic;
				COMBINE_HIDPI_IMAGES = YES;
				DEVELOPMENT_ASSET_PATHS = "\"TestButtons/Preview Content\"";
				DEVELOPMENT_TEAM = EE5B8TYXGA;
				ENABLE_HARDENED_RUNTIME = YES;
				ENABLE_PREVIEWS = YES;
				INFOPLIST_FILE = TestButtons/Info.plist;
				LD_RUNPATH_SEARCH_PATHS = (
					"$(inherited)",
					"@executable_path/../Frameworks",
				);
				MACOSX_DEPLOYMENT_TARGET = 10.15;
				PRODUCT_BUNDLE_IDENTIFIER = net.k3tzr.TestButtons;
				PRODUCT_NAME = "$(TARGET_NAME)";
				SWIFT_VERSION = 5.0;
			};
			name = Release;
		};
/* End XCBuildConfiguration section */

/* Begin XCConfigurationList section */
		91CD082F24CBCFCF0034F36A /* Build configuration list for PBXProject "TestButtons" */ = {
			isa = XCConfigurationList;
			buildConfigurations = (
				91CD084524CBCFD10034F36A /* Debug */,
				91CD084624CBCFD10034F36A /* Release */,
			);
			defaultConfigurationIsVisible = 0;
			defaultConfigurationName = Release;
		};
		91CD084724CBCFD10034F36A /* Build configuration list for PBXNativeTarget "TestButtons" */ = {
			isa = XCConfigurationList;
			buildConfigurations = (
				91CD084824CBCFD10034F36A /* Debug */,
				91CD084924CBCFD10034F36A /* Release */,
			);
			defaultConfigurationIsVisible = 0;
			defaultConfigurationName = Release;
		};
/* End XCConfigurationList section */
	};
	rootObject = 91CD082C24CBCFCF0034F36A /* Project object */;
}
